
Microsoft Visual Studio Solution File, Format Version 12.00
# Visual Studio Version 17
VisualStudioVersion = 17.7.34221.43
MinimumVisualStudioVersion = 10.0.40219.1
Project("{FAE04EC0-301F-11D3-BF4B-00C04F79EFBC}") = "C#-exercise", "C#-exercise\C#-exercise.csproj", "{58CC24FC-39B4-42AD-B4B8-AA90D0E71E8A}"
EndProject
Global
	GlobalSection(SolutionConfigurationPlatforms) = preSolution
		Debug|Any CPU = Debug|Any CPU
		Release|Any CPU = Release|Any CPU
	EndGlobalSection
	GlobalSection(ProjectConfigurationPlatforms) = postSolution
		{58CC24FC-39B4-42AD-B4B8-AA90D0E71E8A}.Debug|Any CPU.ActiveCfg = Debug|Any CPU
		{58CC24FC-39B4-42AD-B4B8-AA90D0E71E8A}.Debug|Any CPU.Build.0 = Debug|Any CPU
		{58CC24FC-39B4-42AD-B4B8-AA90D0E71E8A}.Release|Any CPU.ActiveCfg = Release|Any CPU
		{58CC24FC-39B4-42AD-B4B8-AA90D0E71E8A}.Release|Any CPU.Build.0 = Release|Any CPU
	EndGlobalSection
	GlobalSection(SolutionProperties) = preSolution
		HideSolutionNode = FALSE
	EndGlobalSection
	GlobalSection(ExtensibilityGlobals) = postSolution
		SolutionGuid = {FC183E90-EE4C-4EA4-A43B-1814C276DE99}
	EndGlobalSection
EndGlobal
